{
  "originHash" : "4e7bc54138cad5fdf429d8818e863c3c30352b09772fe770c1085c1b014df55b",
  "pins" : [
    {
      "identity" : "capacitor-swift-pm",
      "kind" : "remoteSourceControl",
      "location" : "https://github.com/ionic-team/capacitor-swift-pm.git",
      "state" : {
        "revision" : "1af38be000bb5fcd1d8fec09694115cdcb179695",
        "version" : "8.3.3"
      }
    }
  ],
  "version" : 3
}
